
Microsoft Visual Studio Solution File, Format Version 12.00
# Visual Studio Version 17
VisualStudioVersion = 17.5.002.0
MinimumVisualStudioVersion = 10.0.40219.1
Project("{9A19103F-16F7-4668-BE54-9A1E7A4F7556}") = "NewCourses", "NewCourses.csproj", "{EA13DF57-F8F8-4140-87F6-145345A2D8DB}"
EndProject
Project("{2150E333-8FDC-42A3-9474-1A3956D46DE8}") = "CSharp", "CSharp", "{B841ECCE-490B-4487-9DA8-4EB9E3ED551C}"
EndProject
Project("{FAE04EC0-301F-11D3-BF4B-00C04F79EFBC}") = "ConsoleApp1", "CSharp\ConsoleApp1\ConsoleApp1.csproj", "{7715D37C-DED9-4434-AB77-B246B8F4798B}"
EndProject
Global
	GlobalSection(SolutionConfigurationPlatforms) = preSolution
		Debug|Any CPU = Debug|Any CPU
		Release|Any CPU = Release|Any CPU
	EndGlobalSection
	GlobalSection(ProjectConfigurationPlatforms) = postSolution
		{EA13DF57-F8F8-4140-87F6-145345A2D8DB}.Debug|Any CPU.ActiveCfg = Debug|Any CPU
		{EA13DF57-F8F8-4140-87F6-145345A2D8DB}.Debug|Any CPU.Build.0 = Debug|Any CPU
		{EA13DF57-F8F8-4140-87F6-145345A2D8DB}.Release|Any CPU.ActiveCfg = Release|Any CPU
		{EA13DF57-F8F8-4140-87F6-145345A2D8DB}.Release|Any CPU.Build.0 = Release|Any CPU
		{7715D37C-DED9-4434-AB77-B246B8F4798B}.Debug|Any CPU.ActiveCfg = Debug|Any CPU
		{7715D37C-DED9-4434-AB77-B246B8F4798B}.Debug|Any CPU.Build.0 = Debug|Any CPU
		{7715D37C-DED9-4434-AB77-B246B8F4798B}.Release|Any CPU.ActiveCfg = Release|Any CPU
		{7715D37C-DED9-4434-AB77-B246B8F4798B}.Release|Any CPU.Build.0 = Release|Any CPU
	EndGlobalSection
	GlobalSection(SolutionProperties) = preSolution
		HideSolutionNode = FALSE
	EndGlobalSection
	GlobalSection(ExtensibilityGlobals) = postSolution
		SolutionGuid = {1B7DA54C-56FB-48A7-8F5A-9ACC931BAB70}
	EndGlobalSection
	GlobalSection(NestedProjects) = preSolution
		{7715D37C-DED9-4434-AB77-B246B8F4798B} = {B841ECCE-490B-4487-9DA8-4EB9E3ED551C}
	EndGlobalSection
EndGlobal
